
Microsoft Visual Studio Solution File, Format Version 12.00
# Visual Studio 15
VisualStudioVersion = 15.0.28010.2050
MinimumVisualStudioVersion = 10.0.40219.1
Project("{9A19103F-16F7-4668-BE54-9A1E7A4F7556}") = "FanFictionApp", "FanFictionApp\FanFictionApp.csproj", "{150C380C-0A82-4894-A18A-04C02131FB96}"
EndProject
Project("{FAE04EC0-301F-11D3-BF4B-00C04F79EFBC}") = "FanFiction.Data", "FanFiction.Data\FanFiction.Data.csproj", "{70F2483D-48E9-42B6-87DD-FC2526D38667}"
EndProject
Project("{FAE04EC0-301F-11D3-BF4B-00C04F79EFBC}") = "FanFiction.Models", "FanFiction.Models\FanFiction.Models.csproj", "{3677371E-B57B-43F9-BBC7-446D6DA7E134}"
EndProject
Project("{FAE04EC0-301F-11D3-BF4B-00C04F79EFBC}") = "FanFiction.Services", "FanFiction.Services\FanFiction.Services.csproj", "{8CCCB708-1721-4CFF-A765-A9A923CAE215}"
EndProject
Project("{FAE04EC0-301F-11D3-BF4B-00C04F79EFBC}") = "FanFiction.Tests", "FanFiction.Tests\FanFiction.Tests.csproj", "{85B261BB-904F-4A6D-9F63-606E45D89A17}"
EndProject
Global
	GlobalSection(SolutionConfigurationPlatforms) = preSolution
		Debug|Any CPU = Debug|Any CPU
		Release|Any CPU = Release|Any CPU
	EndGlobalSection
	GlobalSection(ProjectConfigurationPlatforms) = postSolution
		{150C380C-0A82-4894-A18A-04C02131FB96}.Debug|Any CPU.ActiveCfg = Debug|Any CPU
		{150C380C-0A82-4894-A18A-04C02131FB96}.Debug|Any CPU.Build.0 = Debug|Any CPU
		{150C380C-0A82-4894-A18A-04C02131FB96}.Release|Any CPU.ActiveCfg = Release|Any CPU
		{150C380C-0A82-4894-A18A-04C02131FB96}.Release|Any CPU.Build.0 = Release|Any CPU
		{70F2483D-48E9-42B6-87DD-FC2526D38667}.Debug|Any CPU.ActiveCfg = Debug|Any CPU
		{70F2483D-48E9-42B6-87DD-FC2526D38667}.Debug|Any CPU.Build.0 = Debug|Any CPU
		{70F2483D-48E9-42B6-87DD-FC2526D38667}.Release|Any CPU.ActiveCfg = Release|Any CPU
		{70F2483D-48E9-42B6-87DD-FC2526D38667}.Release|Any CPU.Build.0 = Release|Any CPU
		{3677371E-B57B-43F9-BBC7-446D6DA7E134}.Debug|Any CPU.ActiveCfg = Debug|Any CPU
		{3677371E-B57B-43F9-BBC7-446D6DA7E134}.Debug|Any CPU.Build.0 = Debug|Any CPU
		{3677371E-B57B-43F9-BBC7-446D6DA7E134}.Release|Any CPU.ActiveCfg = Release|Any CPU
		{3677371E-B57B-43F9-BBC7-446D6DA7E134}.Release|Any CPU.Build.0 = Release|Any CPU
		{8CCCB708-1721-4CFF-A765-A9A923CAE215}.Debug|Any CPU.ActiveCfg = Debug|Any CPU
		{8CCCB708-1721-4CFF-A765-A9A923CAE215}.Debug|Any CPU.Build.0 = Debug|Any CPU
		{8CCCB708-1721-4CFF-A765-A9A923CAE215}.Release|Any CPU.ActiveCfg = Release|Any CPU
		{8CCCB708-1721-4CFF-A765-A9A923CAE215}.Release|Any CPU.Build.0 = Release|Any CPU
		{85B261BB-904F-4A6D-9F63-606E45D89A17}.Debug|Any CPU.ActiveCfg = Debug|Any CPU
		{85B261BB-904F-4A6D-9F63-606E45D89A17}.Debug|Any CPU.Build.0 = Debug|Any CPU
		{85B261BB-904F-4A6D-9F63-606E45D89A17}.Release|Any CPU.ActiveCfg = Release|Any CPU
		{85B261BB-904F-4A6D-9F63-606E45D89A17}.Release|Any CPU.Build.0 = Release|Any CPU
	EndGlobalSection
	GlobalSection(SolutionProperties) = preSolution
		HideSolutionNode = FALSE
	EndGlobalSection
	GlobalSection(ExtensibilityGlobals) = postSolution
		SolutionGuid = {25EC7275-181B-48C2-B36E-07D149AE7A85}
	EndGlobalSection
EndGlobal
